
Microsoft Visual Studio Solution File, Format Version 12.00
# Visual Studio Version 16
VisualStudioVersion = 16.0.30804.86
MinimumVisualStudioVersion = 10.0.40219.1
Project("{2150E333-8FDC-42A3-9474-1A3956D46DE8}") = "1-Application", "1-Application", "{B9CF93B8-021D-4BBC-A92E-2393E0B07582}"
EndProject
Project("{2150E333-8FDC-42A3-9474-1A3956D46DE8}") = "3-CrossCutting", "3-CrossCutting", "{32040DB9-B71F-4C68-B06A-E09334FA8DEA}"
EndProject
Project("{2150E333-8FDC-42A3-9474-1A3956D46DE8}") = "2-Infrastructure", "2-Infrastructure", "{4FCF2F8F-AE11-4D84-9198-BA8B2E122F8B}"
EndProject
Project("{2150E333-8FDC-42A3-9474-1A3956D46DE8}") = "5-Tests", "5-Tests", "{3ADBB568-1FBC-452F-88A5-23155D71209A}"
EndProject
Project("{FAE04EC0-301F-11D3-BF4B-00C04F79EFBC}") = "GFT_Tests", "GFT_Tests\GFT_Tests.csproj", "{B9358223-3395-40DD-8C85-9EB3AF4C99A2}"
EndProject
Project("{2150E333-8FDC-42A3-9474-1A3956D46DE8}") = "Data", "Data", "{9A5A479C-0690-4362-94E4-2FE0ECF1B490}"
EndProject
Project("{2150E333-8FDC-42A3-9474-1A3956D46DE8}") = "Domain", "Domain", "{67DF6DA3-D4CD-4CBD-ABD9-928ABFF068AB}"
EndProject
Project("{2150E333-8FDC-42A3-9474-1A3956D46DE8}") = "Migrators", "Migrators", "{E014C0C0-5947-4BEE-9C66-FD0631DAE589}"
EndProject
Project("{2150E333-8FDC-42A3-9474-1A3956D46DE8}") = "Documentation", "Documentation", "{9B051899-5599-4281-A8CE-875873B0D3C6}"
EndProject
Project("{FAE04EC0-301F-11D3-BF4B-00C04F79EFBC}") = "Gft.Data", "Gft.Data\Gft.Data.csproj", "{7AADE2E6-27AB-468B-8B1D-D3AE35743746}"
EndProject
Project("{FAE04EC0-301F-11D3-BF4B-00C04F79EFBC}") = "Gft.Documentation", "Gft.Documentation\Gft.Documentation.csproj", "{80988DDD-525C-4C0E-9EDC-F2B57766778B}"
EndProject
Project("{FAE04EC0-301F-11D3-BF4B-00C04F79EFBC}") = "Gft.Domain", "Gft.Domain\Gft.Domain.csproj", "{C2D46B4F-3965-4CF7-B6C2-4E668B3C8071}"
EndProject
Project("{FAE04EC0-301F-11D3-BF4B-00C04F79EFBC}") = "Gft.CrossCutting", "Gft.CrossCutting\Gft.CrossCutting.csproj", "{8A7A6DBB-9B84-442C-B72C-76DDA77C55A8}"
EndProject
Project("{FAE04EC0-301F-11D3-BF4B-00C04F79EFBC}") = "Gft.Migratior", "Gft.Migratior\Gft.Migratior.csproj", "{45C713BE-0EC7-46E5-9E3F-81EAD9C41678}"
EndProject
Project("{FAE04EC0-301F-11D3-BF4B-00C04F79EFBC}") = "Gft.Application", "Gft.Application\Gft.Application.csproj", "{C9871116-8AC1-435E-A9C6-6561FC5435FD}"
EndProject
Global
	GlobalSection(SolutionConfigurationPlatforms) = preSolution
		Debug|Any CPU = Debug|Any CPU
		Release|Any CPU = Release|Any CPU
	EndGlobalSection
	GlobalSection(ProjectConfigurationPlatforms) = postSolution
		{B9358223-3395-40DD-8C85-9EB3AF4C99A2}.Debug|Any CPU.ActiveCfg = Debug|Any CPU
		{B9358223-3395-40DD-8C85-9EB3AF4C99A2}.Debug|Any CPU.Build.0 = Debug|Any CPU
		{B9358223-3395-40DD-8C85-9EB3AF4C99A2}.Release|Any CPU.ActiveCfg = Release|Any CPU
		{B9358223-3395-40DD-8C85-9EB3AF4C99A2}.Release|Any CPU.Build.0 = Release|Any CPU
		{7AADE2E6-27AB-468B-8B1D-D3AE35743746}.Debug|Any CPU.ActiveCfg = Debug|Any CPU
		{7AADE2E6-27AB-468B-8B1D-D3AE35743746}.Debug|Any CPU.Build.0 = Debug|Any CPU
		{7AADE2E6-27AB-468B-8B1D-D3AE35743746}.Release|Any CPU.ActiveCfg = Release|Any CPU
		{7AADE2E6-27AB-468B-8B1D-D3AE35743746}.Release|Any CPU.Build.0 = Release|Any CPU
		{80988DDD-525C-4C0E-9EDC-F2B57766778B}.Debug|Any CPU.ActiveCfg = Debug|Any CPU
		{80988DDD-525C-4C0E-9EDC-F2B57766778B}.Debug|Any CPU.Build.0 = Debug|Any CPU
		{80988DDD-525C-4C0E-9EDC-F2B57766778B}.Release|Any CPU.ActiveCfg = Release|Any CPU
		{80988DDD-525C-4C0E-9EDC-F2B57766778B}.Release|Any CPU.Build.0 = Release|Any CPU
		{C2D46B4F-3965-4CF7-B6C2-4E668B3C8071}.Debug|Any CPU.ActiveCfg = Debug|Any CPU
		{C2D46B4F-3965-4CF7-B6C2-4E668B3C8071}.Debug|Any CPU.Build.0 = Debug|Any CPU
		{C2D46B4F-3965-4CF7-B6C2-4E668B3C8071}.Release|Any CPU.ActiveCfg = Release|Any CPU
		{C2D46B4F-3965-4CF7-B6C2-4E668B3C8071}.Release|Any CPU.Build.0 = Release|Any CPU
		{8A7A6DBB-9B84-442C-B72C-76DDA77C55A8}.Debug|Any CPU.ActiveCfg = Debug|Any CPU
		{8A7A6DBB-9B84-442C-B72C-76DDA77C55A8}.Debug|Any CPU.Build.0 = Debug|Any CPU
		{8A7A6DBB-9B84-442C-B72C-76DDA77C55A8}.Release|Any CPU.ActiveCfg = Release|Any CPU
		{8A7A6DBB-9B84-442C-B72C-76DDA77C55A8}.Release|Any CPU.Build.0 = Release|Any CPU
		{45C713BE-0EC7-46E5-9E3F-81EAD9C41678}.Debug|Any CPU.ActiveCfg = Debug|Any CPU
		{45C713BE-0EC7-46E5-9E3F-81EAD9C41678}.Debug|Any CPU.Build.0 = Debug|Any CPU
		{45C713BE-0EC7-46E5-9E3F-81EAD9C41678}.Release|Any CPU.ActiveCfg = Release|Any CPU
		{45C713BE-0EC7-46E5-9E3F-81EAD9C41678}.Release|Any CPU.Build.0 = Release|Any CPU
		{C9871116-8AC1-435E-A9C6-6561FC5435FD}.Debug|Any CPU.ActiveCfg = Debug|Any CPU
		{C9871116-8AC1-435E-A9C6-6561FC5435FD}.Debug|Any CPU.Build.0 = Debug|Any CPU
		{C9871116-8AC1-435E-A9C6-6561FC5435FD}.Release|Any CPU.ActiveCfg = Release|Any CPU
		{C9871116-8AC1-435E-A9C6-6561FC5435FD}.Release|Any CPU.Build.0 = Release|Any CPU
	EndGlobalSection
	GlobalSection(SolutionProperties) = preSolution
		HideSolutionNode = FALSE
	EndGlobalSection
	GlobalSection(NestedProjects) = preSolution
		{B9358223-3395-40DD-8C85-9EB3AF4C99A2} = {3ADBB568-1FBC-452F-88A5-23155D71209A}
		{9A5A479C-0690-4362-94E4-2FE0ECF1B490} = {4FCF2F8F-AE11-4D84-9198-BA8B2E122F8B}
		{67DF6DA3-D4CD-4CBD-ABD9-928ABFF068AB} = {4FCF2F8F-AE11-4D84-9198-BA8B2E122F8B}
		{E014C0C0-5947-4BEE-9C66-FD0631DAE589} = {4FCF2F8F-AE11-4D84-9198-BA8B2E122F8B}
		{9B051899-5599-4281-A8CE-875873B0D3C6} = {4FCF2F8F-AE11-4D84-9198-BA8B2E122F8B}
		{7AADE2E6-27AB-468B-8B1D-D3AE35743746} = {9A5A479C-0690-4362-94E4-2FE0ECF1B490}
		{80988DDD-525C-4C0E-9EDC-F2B57766778B} = {9B051899-5599-4281-A8CE-875873B0D3C6}
		{C2D46B4F-3965-4CF7-B6C2-4E668B3C8071} = {67DF6DA3-D4CD-4CBD-ABD9-928ABFF068AB}
		{8A7A6DBB-9B84-442C-B72C-76DDA77C55A8} = {32040DB9-B71F-4C68-B06A-E09334FA8DEA}
		{45C713BE-0EC7-46E5-9E3F-81EAD9C41678} = {E014C0C0-5947-4BEE-9C66-FD0631DAE589}
		{C9871116-8AC1-435E-A9C6-6561FC5435FD} = {B9CF93B8-021D-4BBC-A92E-2393E0B07582}
	EndGlobalSection
	GlobalSection(ExtensibilityGlobals) = postSolution
		SolutionGuid = {A5EAB56E-0EF2-418F-876B-97E915660EC5}
	EndGlobalSection
EndGlobal
